
Microsoft Visual Studio Solution File, Format Version 12.00
# Visual Studio Version 16
VisualStudioVersion = 16.0.29424.173
MinimumVisualStudioVersion = 10.0.40219.1
Project("{9A19103F-16F7-4668-BE54-9A1E7A4F7556}") = "Thoughtsmithy.BarStoolLeague", "Thoughtsmithy.BarStoolLeague\Thoughtsmithy.BarStoolLeague.csproj", "{D3373B4D-5801-4FB0-ACA0-12ED02D0E97C}"
EndProject
Project("{9A19103F-16F7-4668-BE54-9A1E7A4F7556}") = "Thoughtsmithy.BarStoolLeague.Test", "Thoughtsmithy.BarStoolLeague.Test\Thoughtsmithy.BarStoolLeague.Test.csproj", "{76532DFA-EBBB-4A65-B0D2-62FD62484825}"
EndProject
Project("{E24C65DC-7377-472B-9ABA-BC803B73C61A}") = "FrontEnd", "FrontEnd\", "{8BC8DA0F-A973-43F9-8C4B-E7725A260671}"
	ProjectSection(WebsiteProperties) = preProject
		TargetFrameworkMoniker = ".NETFramework,Version%3Dv4.0"
		Debug.AspNetCompiler.VirtualPath = "/localhost_55972"
		Debug.AspNetCompiler.PhysicalPath = "FrontEnd\"
		Debug.AspNetCompiler.TargetPath = "PrecompiledWeb\localhost_55972\"
		Debug.AspNetCompiler.Updateable = "true"
		Debug.AspNetCompiler.ForceOverwrite = "true"
		Debug.AspNetCompiler.FixedNames = "false"
		Debug.AspNetCompiler.Debug = "True"
		Release.AspNetCompiler.VirtualPath = "/localhost_55972"
		Release.AspNetCompiler.PhysicalPath = "FrontEnd\"
		Release.AspNetCompiler.TargetPath = "PrecompiledWeb\localhost_55972\"
		Release.AspNetCompiler.Updateable = "true"
		Release.AspNetCompiler.ForceOverwrite = "true"
		Release.AspNetCompiler.FixedNames = "false"
		Release.AspNetCompiler.Debug = "False"
		VWDPort = "55972"
		SlnRelativePath = "FrontEnd\"
	EndProjectSection
EndProject
Global
	GlobalSection(SolutionConfigurationPlatforms) = preSolution
		Debug|Any CPU = Debug|Any CPU
		Release|Any CPU = Release|Any CPU
	EndGlobalSection
	GlobalSection(ProjectConfigurationPlatforms) = postSolution
		{D3373B4D-5801-4FB0-ACA0-12ED02D0E97C}.Debug|Any CPU.ActiveCfg = Debug|Any CPU
		{D3373B4D-5801-4FB0-ACA0-12ED02D0E97C}.Debug|Any CPU.Build.0 = Debug|Any CPU
		{D3373B4D-5801-4FB0-ACA0-12ED02D0E97C}.Release|Any CPU.ActiveCfg = Release|Any CPU
		{D3373B4D-5801-4FB0-ACA0-12ED02D0E97C}.Release|Any CPU.Build.0 = Release|Any CPU
		{76532DFA-EBBB-4A65-B0D2-62FD62484825}.Debug|Any CPU.ActiveCfg = Debug|Any CPU
		{76532DFA-EBBB-4A65-B0D2-62FD62484825}.Debug|Any CPU.Build.0 = Debug|Any CPU
		{76532DFA-EBBB-4A65-B0D2-62FD62484825}.Release|Any CPU.ActiveCfg = Release|Any CPU
		{76532DFA-EBBB-4A65-B0D2-62FD62484825}.Release|Any CPU.Build.0 = Release|Any CPU
		{8BC8DA0F-A973-43F9-8C4B-E7725A260671}.Debug|Any CPU.ActiveCfg = Debug|Any CPU
		{8BC8DA0F-A973-43F9-8C4B-E7725A260671}.Debug|Any CPU.Build.0 = Debug|Any CPU
		{8BC8DA0F-A973-43F9-8C4B-E7725A260671}.Release|Any CPU.ActiveCfg = Debug|Any CPU
		{8BC8DA0F-A973-43F9-8C4B-E7725A260671}.Release|Any CPU.Build.0 = Debug|Any CPU
	EndGlobalSection
	GlobalSection(SolutionProperties) = preSolution
		HideSolutionNode = FALSE
	EndGlobalSection
	GlobalSection(ExtensibilityGlobals) = postSolution
		SolutionGuid = {1A913829-79F0-4430-BA4E-B1F28BD3F44C}
	EndGlobalSection
EndGlobal
